github.com/Kagami/go-face v0.0.0-20200513173138-d4af7c8eab1c h1:GZ7eP9c7JXrqX2WbokPc6l/Nw8H0T97GOUTuc8/N1Jc=
github.com/Kagami/go-face v0.0.0-20200513173138-d4af7c8eab1c/go.mod h1:9wdDJkRgo3SGTcFwbQ7elVIQhIr2bbBjecuY7VoqmPU=
gocv.io/x/gocv v0.23.0 h1:3Fgbt06/uR8Zf9emWndhjbUjdrw+nto69R/b4noFydY=
gocv.io/x/gocv v0.23.0/go.mod h1:Rar2PS6DV+T4FL+PM535EImD/h13hGVaHhnCu1xarBs=
